PODS:
  - bitmap (0.0.1):
    - Flutter
  - Flutter (1.0.0)

DEPENDENCIES:
  - bitmap (from `.symlinks/plugins/bitmap/ios`)
  - Flutter (from `.symlinks/flutter/ios`)

EXTERNAL SOURCES:
  bitmap:
    :path: ".symlinks/plugins/bitmap/ios"
  Flutter:
    :path: ".symlinks/flutter/ios"

SPEC CHECKSUMS:
  bitmap: 518bfe1da32cb535d62e55a5c528245dd8719ae5
  Flutter: 0e3d915762c693b495b44d77113d4970485de6ec

PODFILE CHECKSUM: 10ae9c18d12c9ffc2275c9a159a3b1e281990db0

COCOAPODS: 1.7.3
