PODS:
  - bitmap (0.0.1):
    - Flutter
  - Flutter (1.0.0)

DEPENDENCIES:
  - bitmap (from `.symlinks/plugins/bitmap/ios`)
  - Flutter (from `Flutter`)

EXTERNAL SOURCES:
  bitmap:
    :path: ".symlinks/plugins/bitmap/ios"
  Flutter:
    :path: Flutter

SPEC CHECKSUMS:
  bitmap: 518bfe1da32cb535d62e55a5c528245dd8719ae5
  Flutter: 0e3d915762c693b495b44d77113d4970485de6ec

PODFILE CHECKSUM: 1b66dae606f75376c5f2135a8290850eeb09ae83

COCOAPODS: 1.8.4
