PODS:
  - bitmap (0.0.1):
    - Flutter
  - Flutter (1.0.0)

DEPENDENCIES:
  - bitmap (from `.symlinks/plugins/bitmap/ios`)
  - Flutter (from `Flutter`)

EXTERNAL SOURCES:
  bitmap:
    :path: ".symlinks/plugins/bitmap/ios"
  Flutter:
    :path: Flutter

SPEC CHECKSUMS:
  bitmap: 591b0556efe6e811a263b8dfdc511fe1faa72315
  Flutter: 434fef37c0980e73bb6479ef766c45957d4b510c

PODFILE CHECKSUM: aafe91acc616949ddb318b77800a7f51bffa2a4c

COCOAPODS: 1.10.1
